
Microsoft Visual Studio Solution File, Format Version 12.00
# Visual Studio Version 17
VisualStudioVersion = 17.14.37710.0 d17.14
MinimumVisualStudioVersion = 10.0.40219.1
Project("{FAE04EC0-301F-11D3-BF4B-00C04F79EFBC}") = "Exercício de Fixação - Método Estatico", "Exercício de Fixação - Método Estatico.csproj", "{F26E7300-3C71-46D6-B91D-80E2376C51BD}"
EndProject
Global
	GlobalSection(SolutionConfigurationPlatforms) = preSolution
		Debug|Any CPU = Debug|Any CPU
		Release|Any CPU = Release|Any CPU
	EndGlobalSection
	GlobalSection(ProjectConfigurationPlatforms) = postSolution
		{F26E7300-3C71-46D6-B91D-80E2376C51BD}.Debug|Any CPU.ActiveCfg = Debug|Any CPU
		{F26E7300-3C71-46D6-B91D-80E2376C51BD}.Debug|Any CPU.Build.0 = Debug|Any CPU
		{F26E7300-3C71-46D6-B91D-80E2376C51BD}.Release|Any CPU.ActiveCfg = Release|Any CPU
		{F26E7300-3C71-46D6-B91D-80E2376C51BD}.Release|Any CPU.Build.0 = Release|Any CPU
	EndGlobalSection
	GlobalSection(SolutionProperties) = preSolution
		HideSolutionNode = FALSE
	EndGlobalSection
	GlobalSection(ExtensibilityGlobals) = postSolution
		SolutionGuid = {E319BC0D-7782-43CF-8CA0-CD65322EC92A}
	EndGlobalSection
EndGlobal
